PODS:
  - Alamofire (4.9.1)
  - Faye (2.0.0):
    - Starscream (~> 3.1)
  - Flutter (1.0.0)
  - GetStream (2.1.0):
    - GetStream/Core (= 2.1.0)
    - GetStream/Faye (= 2.1.0)
  - GetStream/Core (2.1.0):
    - Moya (~> 13.0)
    - Swime (~> 3.0)
  - GetStream/Faye (2.1.0):
    - Faye
    - GetStream/Core
  - Moya (13.0.1):
    - Moya/Core (= 13.0.1)
  - Moya/Core (13.0.1):
    - Alamofire (~> 4.1)
    - Result (~> 4.1)
  - Result (4.1.0)
  - Starscream (3.1.1)
  - Swime (3.0.6)

DEPENDENCIES:
  - Flutter (from `.symlinks/flutter/ios`)
  - GetStream (~> 2.0)

SPEC REPOS:
  trunk:
    - Alamofire
    - Faye
    - GetStream
    - Moya
    - Result
    - Starscream
    - Swime

EXTERNAL SOURCES:
  Flutter:
    :path: ".symlinks/flutter/ios"

SPEC CHECKSUMS:
  Alamofire: 85e8a02c69d6020a0d734f6054870d7ecb75cf18
  Faye: be7f08638a7c27da87714716ab5bfc970d4eda6d
  Flutter: 0e3d915762c693b495b44d77113d4970485de6ec
  GetStream: 3850b3f7e0ba262cbbb3e1382b43b58b3df60fbc
  Moya: f4a4b80ff2f8a4ffc208dfb31cd91636622fee6e
  Result: bd966fac789cc6c1563440b348ab2598cc24d5c7
  Starscream: 4bb2f9942274833f7b4d296a55504dcfc7edb7b0
  Swime: d7b2c277503b6cea317774aedc2dce05613f8b0b

PODFILE CHECKSUM: 752a23c1794d16411c27ada3a026a1058d741def

COCOAPODS: 1.8.4
